
Microsoft Visual Studio Solution File, Format Version 12.00
# Visual Studio Version 17
VisualStudioVersion = 17.11.35312.102
MinimumVisualStudioVersion = 10.0.40219.1
Project("{FAE04EC0-301F-11D3-BF4B-00C04F79EFBC}") = "Lb_13", "Lb_13\Lb_13.csproj", "{715D6F90-7D2C-41F7-99F4-7E409607DCB1}"
EndProject
Global
	GlobalSection(SolutionConfigurationPlatforms) = preSolution
		Debug|Any CPU = Debug|Any CPU
		Release|Any CPU = Release|Any CPU
	EndGlobalSection
	GlobalSection(ProjectConfigurationPlatforms) = postSolution
		{715D6F90-7D2C-41F7-99F4-7E409607DCB1}.Debug|Any CPU.ActiveCfg = Debug|Any CPU
		{715D6F90-7D2C-41F7-99F4-7E409607DCB1}.Debug|Any CPU.Build.0 = Debug|Any CPU
		{715D6F90-7D2C-41F7-99F4-7E409607DCB1}.Release|Any CPU.ActiveCfg = Release|Any CPU
		{715D6F90-7D2C-41F7-99F4-7E409607DCB1}.Release|Any CPU.Build.0 = Release|Any CPU
	EndGlobalSection
	GlobalSection(SolutionProperties) = preSolution
		HideSolutionNode = FALSE
	EndGlobalSection
	GlobalSection(ExtensibilityGlobals) = postSolution
		SolutionGuid = {2B02CF43-60A2-4A7B-825C-10E60EC8F756}
	EndGlobalSection
EndGlobal
